lockfileVersion: '6.0'

settings:
  autoInstallPeers: true
  excludeLinksFromLockfile: false

dependencies:
  es6-promise:
    specifier: ^4.2.4
    version: 4.2.8
  url-parse:
    specifier: ^1.4.3
    version: 1.5.10
  whatwg-fetch:
    specifier: ^3.6.*
    version: 3.6.20

devDependencies:
  '@types/url-parse':
    specifier: 1.4.4
    version: 1.4.4
  typescript:
    specifier: ^4.0
    version: 4.9.5

packages:

  /@types/url-parse@1.4.4:
    resolution: {integrity: sha512-KtQLad12+4T/NfSxpoDhmr22+fig3T7/08QCgmutYA6QSznSRmEtuL95GrhVV40/0otTEdFc+etRcCTqhh1q5Q==}
    dev: true

  /es6-promise@4.2.8:
    resolution: {integrity: sha512-HJDGx5daxeIvxdBxvG2cb9g4tEvwIk3i8+nhX0yGrYmZUzbkdg8QbDevheDB8gd0//uPj4c1EQua8Q+MViT0/w==}
    dev: false

  /querystringify@2.2.0:
    resolution: {integrity: sha512-FIqgj2EUvTa7R50u0rGsyTftzjYmv/a3hO345bZNrqabNqjtgiDMgmo4mkUjd+nzU5oF3dClKqFIPUKybUyqoQ==}
    dev: false

  /requires-port@1.0.0:
    resolution: {integrity: sha512-KigOCHcocU3XODJxsu8i/j8T9tzT4adHiecwORRQ0ZZFcp7ahwXuRU1m+yuO90C5ZUyGeGfocHDI14M3L3yDAQ==}
    dev: false

  /typescript@4.9.5:
    resolution: {integrity: sha512-1FXk9E2Hm+QzZQ7z+McJiHL4NW1F2EzMu9Nq9i3zAaGqibafqYwCVU6WyWAuyQRRzOlxou8xZSyXLEN8oKj24g==}
    engines: {node: '>=4.2.0'}
    hasBin: true
    dev: true

  /url-parse@1.5.10:
    resolution: {integrity: sha512-WypcfiRhfeUP9vvF0j6rw0J3hrWrw6iZv3+22h6iRMJ/8z1Tj6XfLP4DsUix5MhMPnXpiHDoKyoZ/bdCkwBCiQ==}
    dependencies:
      querystringify: 2.2.0
      requires-port: 1.0.0
    dev: false

  /whatwg-fetch@3.6.20:
    resolution: {integrity: sha512-EqhiFU6daOA8kpjOWTL0olhVOF3i7OrFzSYiGsEMB8GcXS+RrzauAERX65xMeNWVqxA6HXH2m69Z9LaKKdisfg==}
    dev: false
